// !$*UTF8*$!
{
	archiveVersion = 1;
	classes = {
	};
	objectVersion = 48;
	objects = {

/* Begin PBXBuildFile section */
		9D1966CA16744F5B7B30B944 /* Pods_WaterTracker.framework in Frameworks */ = {isa = PBXBuildFile; fileRef = 0BC3C99BB406ABC0627BC62B /* Pods_WaterTracker.framework */; };
		F35D326621126B8E003A3BA2 /* AppDelegate.swift in Sources */ = {isa = PBXBuildFile; fileRef = F35D326521126B8E003A3BA2 /* AppDelegate.swift */; };
		F35D326821126B8E003A3BA2 /* ViewController.swift in Sources */ = {isa = PBXBuildFile; fileRef = F35D326721126B8E003A3BA2 /* ViewController.swift */; };
		F35D326B21126B8E003A3BA2 /* Main.storyboard in Resources */ = {isa = PBXBuildFile; fileRef = F35D326921126B8E003A3BA2 /* Main.storyboard */; };
		F35D327021126B8E003A3BA2 /* Assets.xcassets in Resources */ = {isa = PBXBuildFile; fileRef = F35D326F21126B8E003A3BA2 /* Assets.xcassets */; };
		F35D327321126B8E003A3BA2 /* LaunchScreen.storyboard in Resources */ = {isa = PBXBuildFile; fileRef = F35D327121126B8E003A3BA2 /* LaunchScreen.storyboard */; };
		F35D327B21126BCA003A3BA2 /* ViewModel.swift in Sources */ = {isa = PBXBuildFile; fileRef = F35D327A21126BCA003A3BA2 /* ViewModel.swift */; };
		F36F53C621127E8A00916198 /* Colors.swift in Sources */ = {isa = PBXBuildFile; fileRef = F36F53C221127E8800916198 /* Colors.swift */; };
		F36F53C721127E8A00916198 /* RectangleLayer.swift in Sources */ = {isa = PBXBuildFile; fileRef = F36F53C321127E8900916198 /* RectangleLayer.swift */; };
		F36F53C821127E8A00916198 /* HolderView.swift in Sources */ = {isa = PBXBuildFile; fileRef = F36F53C421127E8A00916198 /* HolderView.swift */; };
		F36F53C921127E8A00916198 /* ArcLayer.swift in Sources */ = {isa = PBXBuildFile; fileRef = F36F53C521127E8A00916198 /* ArcLayer.swift */; };
		F3810695212E1DA0008FC432 /* Quicksand-BoldItalic.otf in Resources */ = {isa = PBXBuildFile; fileRef = F381068F212E1DA0008FC432 /* Quicksand-BoldItalic.otf */; };
		F3810696212E1DA0008FC432 /* Quicksand-Bold.otf in Resources */ = {isa = PBXBuildFile; fileRef = F3810690212E1DA0008FC432 /* Quicksand-Bold.otf */; };
		F3810697212E1DA0008FC432 /* Quicksand-LightItalic.otf in Resources */ = {isa = PBXBuildFile; fileRef = F3810691212E1DA0008FC432 /* Quicksand-LightItalic.otf */; };
		F3810698212E1DA0008FC432 /* Quicksand-Italic.otf in Resources */ = {isa = PBXBuildFile; fileRef = F3810692212E1DA0008FC432 /* Quicksand-Italic.otf */; };
		F3810699212E1DA0008FC432 /* Quicksand-Light.otf in Resources */ = {isa = PBXBuildFile; fileRef = F3810693212E1DA0008FC432 /* Quicksand-Light.otf */; };
		F381069A212E1DA0008FC432 /* Quicksand_Dash.otf in Resources */ = {isa = PBXBuildFile; fileRef = F3810694212E1DA0008FC432 /* Quicksand_Dash.otf */; };
		F381069C212E1F28008FC432 /* Fonts.swift in Sources */ = {isa = PBXBuildFile; fileRef = F381069B212E1F27008FC432 /* Fonts.swift */; };
		F38106A8212F6C9E008FC432 /* ChartView.swift in Sources */ = {isa = PBXBuildFile; fileRef = F38106A7212F6C9E008FC432 /* ChartView.swift */; };
/* End PBXBuildFile section */

/* Begin PBXFileReference section */
		0BC3C99BB406ABC0627BC62B /* Pods_WaterTracker.framework */ = {isa = PBXFileReference; explicitFileType = wrapper.framework; includeInIndex = 0; path = Pods_WaterTracker.framework; sourceTree = BUILT_PRODUCTS_DIR; };
		747CEA01F84A5A1540E57053 /* Pods-WaterTracker.release.xcconfig */ = {isa = PBXFileReference; includeInIndex = 1; lastKnownFileType = text.xcconfig; name = "Pods-WaterTracker.release.xcconfig"; path = "Pods/Target Support Files/Pods-WaterTracker/Pods-WaterTracker.release.xcconfig"; sourceTree = "<group>"; };
		E7A264FB63798EF865FC4F4E /* Pods-WaterTracker.debug.xcconfig */ = {isa = PBXFileReference; includeInIndex = 1; lastKnownFileType = text.xcconfig; name = "Pods-WaterTracker.debug.xcconfig"; path = "Pods/Target Support Files/Pods-WaterTracker/Pods-WaterTracker.debug.xcconfig"; sourceTree = "<group>"; };
		F35D326221126B8E003A3BA2 /* WaterTracker.app */ = {isa = PBXFileReference; explicitFileType = wrapper.application; includeInIndex = 0; path = WaterTracker.app; sourceTree = BUILT_PRODUCTS_DIR; };
		F35D326521126B8E003A3BA2 /* AppDelegate.swift */ = {isa = PBXFileReference; lastKnownFileType = sourcecode.swift; path = AppDelegate.swift; sourceTree = "<group>"; };
		F35D326721126B8E003A3BA2 /* ViewController.swift */ = {isa = PBXFileReference; lastKnownFileType = sourcecode.swift; path = ViewController.swift; sourceTree = "<group>"; };
		F35D326A21126B8E003A3BA2 /* Base */ = {isa = PBXFileReference; lastKnownFileType = file.storyboard; name = Base; path = Base.lproj/Main.storyboard; sourceTree = "<group>"; };
		F35D326F21126B8E003A3BA2 /* Assets.xcassets */ = {isa = PBXFileReference; lastKnownFileType = folder.assetcatalog; path = Assets.xcassets; sourceTree = "<group>"; };
		F35D327221126B8E003A3BA2 /* Base */ = {isa = PBXFileReference; lastKnownFileType = file.storyboard; name = Base; path = Base.lproj/LaunchScreen.storyboard; sourceTree = "<group>"; };
		F35D327421126B8E003A3BA2 /* Info.plist */ = {isa = PBXFileReference; lastKnownFileType = text.plist.xml; path = Info.plist; sourceTree = "<group>"; };
		F35D327A21126BCA003A3BA2 /* ViewModel.swift */ = {isa = PBXFileReference; lastKnownFileType = sourcecode.swift; path = ViewModel.swift; sourceTree = "<group>"; };
		F36F53C221127E8800916198 /* Colors.swift */ = {isa = PBXFileReference; lastKnownFileType = sourcecode.swift; path = Colors.swift; sourceTree = "<group>"; };
		F36F53C321127E8900916198 /* RectangleLayer.swift */ = {isa = PBXFileReference; lastKnownFileType = sourcecode.swift; path = RectangleLayer.swift; sourceTree = "<group>"; };
		F36F53C421127E8A00916198 /* HolderView.swift */ = {isa = PBXFileReference; lastKnownFileType = sourcecode.swift; path = HolderView.swift; sourceTree = "<group>"; };
		F36F53C521127E8A00916198 /* ArcLayer.swift */ = {isa = PBXFileReference; lastKnownFileType = sourcecode.swift; path = ArcLayer.swift; sourceTree = "<group>"; };
		F381068F212E1DA0008FC432 /* Quicksand-BoldItalic.otf */ = {isa = PBXFileReference; lastKnownFileType = file; path = "Quicksand-BoldItalic.otf"; sourceTree = "<group>"; };
		F3810690212E1DA0008FC432 /* Quicksand-Bold.otf */ = {isa = PBXFileReference; lastKnownFileType = file; path = "Quicksand-Bold.otf"; sourceTree = "<group>"; };
		F3810691212E1DA0008FC432 /* Quicksand-LightItalic.otf */ = {isa = PBXFileReference; lastKnownFileType = file; path = "Quicksand-LightItalic.otf"; sourceTree = "<group>"; };
		F3810692212E1DA0008FC432 /* Quicksand-Italic.otf */ = {isa = PBXFileReference; lastKnownFileType = file; path = "Quicksand-Italic.otf"; sourceTree = "<group>"; };
		F3810693212E1DA0008FC432 /* Quicksand-Light.otf */ = {isa = PBXFileReference; lastKnownFileType = file; path = "Quicksand-Light.otf"; sourceTree = "<group>"; };
		F3810694212E1DA0008FC432 /* Quicksand_Dash.otf */ = {isa = PBXFileReference; lastKnownFileType = file; path = Quicksand_Dash.otf; sourceTree = "<group>"; };
		F381069B212E1F27008FC432 /* Fonts.swift */ = {isa = PBXFileReference; lastKnownFileType = sourcecode.swift; path = Fonts.swift; sourceTree = "<group>"; };
		F38106A7212F6C9E008FC432 /* ChartView.swift */ = {isa = PBXFileReference; lastKnownFileType = sourcecode.swift; path = ChartView.swift; sourceTree = "<group>"; };
/* End PBXFileReference section */

/* Begin PBXFrameworksBuildPhase section */
		F35D325F21126B8E003A3BA2 /* Frameworks */ = {
			isa = PBXFrameworksBuildPhase;
			buildActionMask = 2147483647;
			files = (
				9D1966CA16744F5B7B30B944 /* Pods_WaterTracker.framework in Frameworks */,
			);
			runOnlyForDeploymentPostprocessing = 0;
		};
/* End PBXFrameworksBuildPhase section */

/* Begin PBXGroup section */
		268D371600422520AE2044AB /* Pods */ = {
			isa = PBXGroup;
			children = (
				E7A264FB63798EF865FC4F4E /* Pods-WaterTracker.debug.xcconfig */,
				747CEA01F84A5A1540E57053 /* Pods-WaterTracker.release.xcconfig */,
			);
			name = Pods;
			sourceTree = "<group>";
		};
		F35D325921126B8E003A3BA2 = {
			isa = PBXGroup;
			children = (
				F35D326421126B8E003A3BA2 /* WaterTracker */,
				F35D326321126B8E003A3BA2 /* Products */,
				268D371600422520AE2044AB /* Pods */,
				FFA84A0F081CBD7B62F50C2E /* Frameworks */,
			);
			sourceTree = "<group>";
		};
		F35D326321126B8E003A3BA2 /* Products */ = {
			isa = PBXGroup;
			children = (
				F35D326221126B8E003A3BA2 /* WaterTracker.app */,
			);
			name = Products;
			sourceTree = "<group>";
		};
		F35D326421126B8E003A3BA2 /* WaterTracker */ = {
			isa = PBXGroup;
			children = (
				F36F53CA21127E9700916198 /* UI */,
				F35D326521126B8E003A3BA2 /* AppDelegate.swift */,
				F35D326721126B8E003A3BA2 /* ViewController.swift */,
				F35D327A21126BCA003A3BA2 /* ViewModel.swift */,
				F35D326921126B8E003A3BA2 /* Main.storyboard */,
				F38106A7212F6C9E008FC432 /* ChartView.swift */,
				F35D326F21126B8E003A3BA2 /* Assets.xcassets */,
				F381068E212E1DA0008FC432 /* quicksand */,
				F35D327121126B8E003A3BA2 /* LaunchScreen.storyboard */,
				F35D327421126B8E003A3BA2 /* Info.plist */,
			);
			path = WaterTracker;
			sourceTree = "<group>";
		};
		F36F53CA21127E9700916198 /* UI */ = {
			isa = PBXGroup;
			children = (
				F36F53C421127E8A00916198 /* HolderView.swift */,
				F36F53C221127E8800916198 /* Colors.swift */,
				F381069B212E1F27008FC432 /* Fonts.swift */,
				F36F53C521127E8A00916198 /* ArcLayer.swift */,
				F36F53C321127E8900916198 /* RectangleLayer.swift */,
			);
			path = UI;
			sourceTree = "<group>";
		};
		F381068E212E1DA0008FC432 /* quicksand */ = {
			isa = PBXGroup;
			children = (
				F381068F212E1DA0008FC432 /* Quicksand-BoldItalic.otf */,
				F3810690212E1DA0008FC432 /* Quicksand-Bold.otf */,
				F3810691212E1DA0008FC432 /* Quicksand-LightItalic.otf */,
				F3810692212E1DA0008FC432 /* Quicksand-Italic.otf */,
				F3810693212E1DA0008FC432 /* Quicksand-Light.otf */,
				F3810694212E1DA0008FC432 /* Quicksand_Dash.otf */,
			);
			path = quicksand;
			sourceTree = "<group>";
		};
		FFA84A0F081CBD7B62F50C2E /* Frameworks */ = {
			isa = PBXGroup;
			children = (
				0BC3C99BB406ABC0627BC62B /* Pods_WaterTracker.framework */,
			);
			name = Frameworks;
			sourceTree = "<group>";
		};
/* End PBXGroup section */

/* Begin PBXNativeTarget section */
		F35D326121126B8E003A3BA2 /* WaterTracker */ = {
			isa = PBXNativeTarget;
			buildConfigurationList = F35D327721126B8E003A3BA2 /* Build configuration list for PBXNativeTarget "WaterTracker" */;
			buildPhases = (
				E6CD90B82B90A93863F42BBF /* [CP] Check Pods Manifest.lock */,
				F35D325E21126B8E003A3BA2 /* Sources */,
				F35D325F21126B8E003A3BA2 /* Frameworks */,
				F35D326021126B8E003A3BA2 /* Resources */,
				2776A43BDA50D51F5211689D /* [CP] Embed Pods Frameworks */,
			);
			buildRules = (
			);
			dependencies = (
			);
			name = WaterTracker;
			productName = WaterTracker;
			productReference = F35D326221126B8E003A3BA2 /* WaterTracker.app */;
			productType = "com.apple.product-type.application";
		};
/* End PBXNativeTarget section */

/* Begin PBXProject section */
		F35D325A21126B8E003A3BA2 /* Project object */ = {
			isa = PBXProject;
			attributes = {
				LastSwiftUpdateCheck = 0920;
				LastUpgradeCheck = 0920;
				ORGANIZATIONNAME = "Isha Chirimar";
				TargetAttributes = {
					F35D326121126B8E003A3BA2 = {
						CreatedOnToolsVersion = 9.2;
						ProvisioningStyle = Automatic;
					};
				};
			};
			buildConfigurationList = F35D325D21126B8E003A3BA2 /* Build configuration list for PBXProject "WaterTracker" */;
			compatibilityVersion = "Xcode 8.0";
			developmentRegion = en;
			hasScannedForEncodings = 0;
			knownRegions = (
				en,
				Base,
			);
			mainGroup = F35D325921126B8E003A3BA2;
			productRefGroup = F35D326321126B8E003A3BA2 /* Products */;
			projectDirPath = "";
			projectRoot = "";
			targets = (
				F35D326121126B8E003A3BA2 /* WaterTracker */,
			);
		};
/* End PBXProject section */

/* Begin PBXResourcesBuildPhase section */
		F35D326021126B8E003A3BA2 /* Resources */ = {
			isa = PBXResourcesBuildPhase;
			buildActionMask = 2147483647;
			files = (
				F35D327321126B8E003A3BA2 /* LaunchScreen.storyboard in Resources */,
				F35D327021126B8E003A3BA2 /* Assets.xcassets in Resources */,
				F3810699212E1DA0008FC432 /* Quicksand-Light.otf in Resources */,
				F3810695212E1DA0008FC432 /* Quicksand-BoldItalic.otf in Resources */,
				F35D326B21126B8E003A3BA2 /* Main.storyboard in Resources */,
				F3810697212E1DA0008FC432 /* Quicksand-LightItalic.otf in Resources */,
				F381069A212E1DA0008FC432 /* Quicksand_Dash.otf in Resources */,
				F3810696212E1DA0008FC432 /* Quicksand-Bold.otf in Resources */,
				F3810698212E1DA0008FC432 /* Quicksand-Italic.otf in Resources */,
			);
			runOnlyForDeploymentPostprocessing = 0;
		};
/* End PBXResourcesBuildPhase section */

/* Begin PBXShellScriptBuildPhase section */
		2776A43BDA50D51F5211689D /* [CP] Embed Pods Frameworks */ = {
			isa = PBXShellScriptBuildPhase;
			buildActionMask = 2147483647;
			files = (
			);
			inputPaths = (
				"${SRCROOT}/Pods/Target Support Files/Pods-WaterTracker/Pods-WaterTracker-frameworks.sh",
				"${BUILT_PRODUCTS_DIR}/Charts/Charts.framework",
				"${BUILT_PRODUCTS_DIR}/ReactiveSwift/ReactiveSwift.framework",
				"${BUILT_PRODUCTS_DIR}/Result/Result.framework",
				"${BUILT_PRODUCTS_DIR}/SnapKit/SnapKit.framework",
				"${BUILT_PRODUCTS_DIR}/Then/Then.framework",
			);
			name = "[CP] Embed Pods Frameworks";
			outputPaths = (
				"${TARGET_BUILD_DIR}/${FRAMEWORKS_FOLDER_PATH}/Charts.framework",
				"${TARGET_BUILD_DIR}/${FRAMEWORKS_FOLDER_PATH}/ReactiveSwift.framework",
				"${TARGET_BUILD_DIR}/${FRAMEWORKS_FOLDER_PATH}/Result.framework",
				"${TARGET_BUILD_DIR}/${FRAMEWORKS_FOLDER_PATH}/SnapKit.framework",
				"${TARGET_BUILD_DIR}/${FRAMEWORKS_FOLDER_PATH}/Then.framework",
			);
			runOnlyForDeploymentPostprocessing = 0;
			shellPath = /bin/sh;
			shellScript = "\"${SRCROOT}/Pods/Target Support Files/Pods-WaterTracker/Pods-WaterTracker-frameworks.sh\"\n";
			showEnvVarsInLog = 0;
		};
		E6CD90B82B90A93863F42BBF /* [CP] Check Pods Manifest.lock */ = {
			isa = PBXShellScriptBuildPhase;
			buildActionMask = 2147483647;
			files = (
			);
			inputPaths = (
				"${PODS_PODFILE_DIR_PATH}/Podfile.lock",
				"${PODS_ROOT}/Manifest.lock",
			);
			name = "[CP] Check Pods Manifest.lock";
			outputPaths = (
				"$(DERIVED_FILE_DIR)/Pods-WaterTracker-checkManifestLockResult.txt",
			);
			runOnlyForDeploymentPostprocessing = 0;
			shellPath = /bin/sh;
			shellScript = "diff \"${PODS_PODFILE_DIR_PATH}/Podfile.lock\" \"${PODS_ROOT}/Manifest.lock\" > /dev/null\nif [ $? != 0 ] ; then\n    # print error to STDERR\n    echo \"error: The sandbox is not in sync with the Podfile.lock. Run 'pod install' or update your CocoaPods installation.\" >&2\n    exit 1\nfi\n# This output is used by Xcode 'outputs' to avoid re-running this script phase.\necho \"SUCCESS\" > \"${SCRIPT_OUTPUT_FILE_0}\"\n";
			showEnvVarsInLog = 0;
		};
/* End PBXShellScriptBuildPhase section */

/* Begin PBXSourcesBuildPhase section */
		F35D325E21126B8E003A3BA2 /* Sources */ = {
			isa = PBXSourcesBuildPhase;
			buildActionMask = 2147483647;
			files = (
				F36F53C821127E8A00916198 /* HolderView.swift in Sources */,
				F35D326821126B8E003A3BA2 /* ViewController.swift in Sources */,
				F36F53C621127E8A00916198 /* Colors.swift in Sources */,
				F35D327B21126BCA003A3BA2 /* ViewModel.swift in Sources */,
				F36F53C921127E8A00916198 /* ArcLayer.swift in Sources */,
				F38106A8212F6C9E008FC432 /* ChartView.swift in Sources */,
				F36F53C721127E8A00916198 /* RectangleLayer.swift in Sources */,
				F381069C212E1F28008FC432 /* Fonts.swift in Sources */,
				F35D326621126B8E003A3BA2 /* AppDelegate.swift in Sources */,
			);
			runOnlyForDeploymentPostprocessing = 0;
		};
/* End PBXSourcesBuildPhase section */

/* Begin PBXVariantGroup section */
		F35D326921126B8E003A3BA2 /* Main.storyboard */ = {
			isa = PBXVariantGroup;
			children = (
				F35D326A21126B8E003A3BA2 /* Base */,
			);
			name = Main.storyboard;
			sourceTree = "<group>";
		};
		F35D327121126B8E003A3BA2 /* LaunchScreen.storyboard */ = {
			isa = PBXVariantGroup;
			children = (
				F35D327221126B8E003A3BA2 /* Base */,
			);
			name = LaunchScreen.storyboard;
			sourceTree = "<group>";
		};
/* End PBXVariantGroup section */

/* Begin XCBuildConfiguration section */
		F35D327521126B8E003A3BA2 /* Debug */ = {
			isa = XCBuildConfiguration;
			buildSettings = {
				ALWAYS_SEARCH_USER_PATHS = NO;
				CLANG_ANALYZER_NONNULL = YES;
				CLANG_ANALYZER_NUMBER_OBJECT_CONVERSION = YES_AGGRESSIVE;
				CLANG_CXX_LANGUAGE_STANDARD = "gnu++14";
				CLANG_CXX_LIBRARY = "libc++";
				CLANG_ENABLE_MODULES = YES;
				CLANG_ENABLE_OBJC_ARC = YES;
				CLANG_WARN_BLOCK_CAPTURE_AUTORELEASING = YES;
				CLANG_WARN_BOOL_CONVERSION = YES;
				CLANG_WARN_COMMA = YES;
				CLANG_WARN_CONSTANT_CONVERSION = YES;
				CLANG_WARN_DIRECT_OBJC_ISA_USAGE = YES_ERROR;
				CLANG_WARN_DOCUMENTATION_COMMENTS = YES;
				CLANG_WARN_EMPTY_BODY = YES;
				CLANG_WARN_ENUM_CONVERSION = YES;
				CLANG_WARN_INFINITE_RECURSION = YES;
				CLANG_WARN_INT_CONVERSION = YES;
				CLANG_WARN_NON_LITERAL_NULL_CONVERSION = YES;
				CLANG_WARN_OBJC_LITERAL_CONVERSION = YES;
				CLANG_WARN_OBJC_ROOT_CLASS = YES_ERROR;
				CLANG_WARN_RANGE_LOOP_ANALYSIS = YES;
				CLANG_WARN_STRICT_PROTOTYPES = YES;
				CLANG_WARN_SUSPICIOUS_MOVE = YES;
				CLANG_WARN_UNGUARDED_AVAILABILITY = YES_AGGRESSIVE;
				CLANG_WARN_UNREACHABLE_CODE = YES;
				CLANG_WARN__DUPLICATE_METHOD_MATCH = YES;
				CODE_SIGN_IDENTITY = "iPhone Developer";
				COPY_PHASE_STRIP = NO;
				DEBUG_INFORMATION_FORMAT = dwarf;
				ENABLE_STRICT_OBJC_MSGSEND = YES;
				ENABLE_TESTABILITY = YES;
				GCC_C_LANGUAGE_STANDARD = gnu11;
				GCC_DYNAMIC_NO_PIC = NO;
				GCC_NO_COMMON_BLOCKS = YES;
				GCC_OPTIMIZATION_LEVEL = 0;
				GCC_PREPROCESSOR_DEFINITIONS = (
					"DEBUG=1",
					"$(inherited)",
				);
				GCC_WARN_64_TO_32_BIT_CONVERSION = YES;
				GCC_WARN_ABOUT_RETURN_TYPE = YES_ERROR;
				GCC_WARN_UNDECLARED_SELECTOR = YES;
				GCC_WARN_UNINITIALIZED_AUTOS = YES_AGGRESSIVE;
				GCC_WARN_UNUSED_FUNCTION = YES;
				GCC_WARN_UNUSED_VARIABLE = YES;
				IPHONEOS_DEPLOYMENT_TARGET = 11.2;
				MTL_ENABLE_DEBUG_INFO = YES;
				ONLY_ACTIVE_ARCH = YES;
				SDKROOT = iphoneos;
				SWIFT_ACTIVE_COMPILATION_CONDITIONS = DEBUG;
				SWIFT_OPTIMIZATION_LEVEL = "-Onone";
			};
			name = Debug;
		};
		F35D327621126B8E003A3BA2 /* Release */ = {
			isa = XCBuildConfiguration;
			buildSettings = {
				ALWAYS_SEARCH_USER_PATHS = NO;
				CLANG_ANALYZER_NONNULL = YES;
				CLANG_ANALYZER_NUMBER_OBJECT_CONVERSION = YES_AGGRESSIVE;
				CLANG_CXX_LANGUAGE_STANDARD = "gnu++14";
				CLANG_CXX_LIBRARY = "libc++";
				CLANG_ENABLE_MODULES = YES;
				CLANG_ENABLE_OBJC_ARC = YES;
				CLANG_WARN_BLOCK_CAPTURE_AUTORELEASING = YES;
				CLANG_WARN_BOOL_CONVERSION = YES;
				CLANG_WARN_COMMA = YES;
				CLANG_WARN_CONSTANT_CONVERSION = YES;
				CLANG_WARN_DIRECT_OBJC_ISA_USAGE = YES_ERROR;
				CLANG_WARN_DOCUMENTATION_COMMENTS = YES;
				CLANG_WARN_EMPTY_BODY = YES;
				CLANG_WARN_ENUM_CONVERSION = YES;
				CLANG_WARN_INFINITE_RECURSION = YES;
				CLANG_WARN_INT_CONVERSION = YES;
				CLANG_WARN_NON_LITERAL_NULL_CONVERSION = YES;
				CLANG_WARN_OBJC_LITERAL_CONVERSION = YES;
				CLANG_WARN_OBJC_ROOT_CLASS = YES_ERROR;
				CLANG_WARN_RANGE_LOOP_ANALYSIS = YES;
				CLANG_WARN_STRICT_PROTOTYPES = YES;
				CLANG_WARN_SUSPICIOUS_MOVE = YES;
				CLANG_WARN_UNGUARDED_AVAILABILITY = YES_AGGRESSIVE;
				CLANG_WARN_UNREACHABLE_CODE = YES;
				CLANG_WARN__DUPLICATE_METHOD_MATCH = YES;
				CODE_SIGN_IDENTITY = "iPhone Developer";
				COPY_PHASE_STRIP = NO;
				DEBUG_INFORMATION_FORMAT = "dwarf-with-dsym";
				ENABLE_NS_ASSERTIONS = NO;
				ENABLE_STRICT_OBJC_MSGSEND = YES;
				GCC_C_LANGUAGE_STANDARD = gnu11;
				GCC_NO_COMMON_BLOCKS = YES;
				GCC_WARN_64_TO_32_BIT_CONVERSION = YES;
				GCC_WARN_ABOUT_RETURN_TYPE = YES_ERROR;
				GCC_WARN_UNDECLARED_SELECTOR = YES;
				GCC_WARN_UNINITIALIZED_AUTOS = YES_AGGRESSIVE;
				GCC_WARN_UNUSED_FUNCTION = YES;
				GCC_WARN_UNUSED_VARIABLE = YES;
				IPHONEOS_DEPLOYMENT_TARGET = 11.2;
				MTL_ENABLE_DEBUG_INFO = NO;
				SDKROOT = iphoneos;
				SWIFT_OPTIMIZATION_LEVEL = "-Owholemodule";
				VALIDATE_PRODUCT = YES;
			};
			name = Release;
		};
		F35D327821126B8E003A3BA2 /* Debug */ = {
			isa = XCBuildConfiguration;
			baseConfigurationReference = E7A264FB63798EF865FC4F4E /* Pods-WaterTracker.debug.xcconfig */;
			buildSettings = {
				ASSETCATALOG_COMPILER_APPICON_NAME = AppIcon;
				CODE_SIGN_STYLE = Automatic;
				DEVELOPMENT_TEAM = 2VL7Z67HNU;
				INFOPLIST_FILE = WaterTracker/Info.plist;
				LD_RUNPATH_SEARCH_PATHS = "$(inherited) @executable_path/Frameworks";
				PRODUCT_BUNDLE_IDENTIFIER = iosProjects.WaterTracker;
				PRODUCT_NAME = "$(TARGET_NAME)";
				SWIFT_VERSION = 4.0;
				TARGETED_DEVICE_FAMILY = "1,2";
			};
			name = Debug;
		};
		F35D327921126B8E003A3BA2 /* Release */ = {
			isa = XCBuildConfiguration;
			baseConfigurationReference = 747CEA01F84A5A1540E57053 /* Pods-WaterTracker.release.xcconfig */;
			buildSettings = {
				ASSETCATALOG_COMPILER_APPICON_NAME = AppIcon;
				CODE_SIGN_STYLE = Automatic;
				DEVELOPMENT_TEAM = 2VL7Z67HNU;
				INFOPLIST_FILE = WaterTracker/Info.plist;
				LD_RUNPATH_SEARCH_PATHS = "$(inherited) @executable_path/Frameworks";
				PRODUCT_BUNDLE_IDENTIFIER = iosProjects.WaterTracker;
				PRODUCT_NAME = "$(TARGET_NAME)";
				SWIFT_VERSION = 4.0;
				TARGETED_DEVICE_FAMILY = "1,2";
			};
			name = Release;
		};
/* End XCBuildConfiguration section */

/* Begin XCConfigurationList section */
		F35D325D21126B8E003A3BA2 /* Build configuration list for PBXProject "WaterTracker" */ = {
			isa = XCConfigurationList;
			buildConfigurations = (
				F35D327521126B8E003A3BA2 /* Debug */,
				F35D327621126B8E003A3BA2 /* Release */,
			);
			defaultConfigurationIsVisible = 0;
			defaultConfigurationName = Release;
		};
		F35D327721126B8E003A3BA2 /* Build configuration list for PBXNativeTarget "WaterTracker" */ = {
			isa = XCConfigurationList;
			buildConfigurations = (
				F35D327821126B8E003A3BA2 /* Debug */,
				F35D327921126B8E003A3BA2 /* Release */,
			);
			defaultConfigurationIsVisible = 0;
			defaultConfigurationName = Release;
		};
/* End XCConfigurationList section */
	};
	rootObject = F35D325A21126B8E003A3BA2 /* Project object */;
}
